
Microsoft Visual Studio Solution File, Format Version 12.00
# Visual Studio Version 17
VisualStudioVersion = 17.5.33516.290
MinimumVisualStudioVersion = 10.0.40219.1
Project("{FAE04EC0-301F-11D3-BF4B-00C04F79EFBC}") = "net-ef-videogame", "net-ef-videogame\net-ef-videogame.csproj", "{F914EF27-225E-4499-91B2-C6EB32839E51}"
EndProject
Global
	GlobalSection(SolutionConfigurationPlatforms) = preSolution
		Debug|Any CPU = Debug|Any CPU
		Release|Any CPU = Release|Any CPU
	EndGlobalSection
	GlobalSection(ProjectConfigurationPlatforms) = postSolution
		{F914EF27-225E-4499-91B2-C6EB32839E51}.Debug|Any CPU.ActiveCfg = Debug|Any CPU
		{F914EF27-225E-4499-91B2-C6EB32839E51}.Debug|Any CPU.Build.0 = Debug|Any CPU
		{F914EF27-225E-4499-91B2-C6EB32839E51}.Release|Any CPU.ActiveCfg = Release|Any CPU
		{F914EF27-225E-4499-91B2-C6EB32839E51}.Release|Any CPU.Build.0 = Release|Any CPU
	EndGlobalSection
	GlobalSection(SolutionProperties) = preSolution
		HideSolutionNode = FALSE
	EndGlobalSection
	GlobalSection(ExtensibilityGlobals) = postSolution
		SolutionGuid = {D0807C02-4057-4C2C-BFB6-A37796CEB09F}
	EndGlobalSection
EndGlobal
